schema: '2.0'
stages:
  data_cleaning:
    cmd: python src/data/data-cleaning.py
    deps:
    - path: data/raw/train.csv
      hash: md5
      md5: 0b050b37dfe6cfbfaa18d7cb4e454377
      size: 7772212
    - path: src/data/data-cleaning.py
      hash: md5
      md5: 0cd6409fb7762ac8d1f6ffde2325b7ac
      size: 7518
    outs:
    - path: data/cleaned/cleaned_data.csv
      hash: md5
      md5: ae51495e093fbfc739cb383cb0089ffe
      size: 4463056
  data_prepraration:
    cmd: python src/data/data-preparation.py
    deps:
    - path: data/cleaned/cleaned_data.csv
      hash: md5
      md5: ae51495e093fbfc739cb383cb0089ffe
      size: 4463056
    - path: src/data/data-preparation.py
      hash: md5
      md5: a806f18a6541654f544538ff4a83f572
      size: 2407
    params:
      params.yaml:
        Data_Preparation.random_state: 12
        Data_Preparation.test_size: 0.2
    outs:
    - path: data/interim/test_subset.csv
      hash: md5
      md5: 4e09ef9d689c36b9ff41be4d85e243d7
      size: 893278
    - path: data/interim/train_subset.csv
      hash: md5
      md5: 2bfa7b083cf50779883474367e21d479
      size: 3566824
  data_preprocessing:
    cmd: python src/features/data-preprocessing.py
    deps:
    - path: data/interim/test_subset.csv
      hash: md5
      md5: 4e09ef9d689c36b9ff41be4d85e243d7
      size: 893278
    - path: data/interim/train_subset.csv
      hash: md5
      md5: 2bfa7b083cf50779883474367e21d479
      size: 3566824
    - path: src/features/data-preprocessing.py
      hash: md5
      md5: 551c52635582e8da4cc65612ae501bbe
      size: 4937
    outs:
    - path: data/processed/test_trans.csv
      hash: md5
      md5: c2dd42b38812b2a3cdf531306d385fb2
      size: 1076857
    - path: data/processed/train_trans.csv
      hash: md5
      md5: dcf8fef60682f7f5990ad012642d31d7
      size: 4304165
    - path: models/preprocessor.joblib
      hash: md5
      md5: 82f8b396f97aea479e3d9a9bae8f1828
      size: 7275
  train:
    cmd: python src/models/train.py
    deps:
    - path: data/processed/train_trans.csv
      hash: md5
      md5: dcf8fef60682f7f5990ad012642d31d7
      size: 4304165
    - path: src/models/train.py
      hash: md5
      md5: ac227c99e646109c80b4e22957ca8064
      size: 3478
    params:
      params.yaml:
        Train.LightGBM:
          learning_rate: 0.4634183035475242
          max_depth: 19
          min_child_weight: 14
          min_split_gain: 1.0050226994104905
          n_estimators: 142
          reg_lambda: 7.743851432894324
          subsample: 0.7628386779555664
        Train.Random_Forest:
          max_depth: 14
          max_features:
          max_samples: 0.6884129569843086
          min_samples_leaf: 3
          min_samples_split: 5
          n_estimators: 297
    outs:
    - path: models/model.joblib
      hash: md5
      md5: 4c7d0c5b53d2d1b6f0e3bad621d85c39
      size: 96479944
    - path: models/power_transformer.joblib
      hash: md5
      md5: 6d70f43606fa2f698238ab17e038a164
      size: 805
    - path: models/stacking_regressor.joblib
      hash: md5
      md5: 456a3b91ea0075a48ee6549ebb4144c9
      size: 96466570
  evaluation:
    cmd: python src/models/evaluation.py
    deps:
    - path: data/processed/test_trans.csv
      hash: md5
      md5: c2dd42b38812b2a3cdf531306d385fb2
      size: 1076857
    - path: data/processed/train_trans.csv
      hash: md5
      md5: dcf8fef60682f7f5990ad012642d31d7
      size: 4304165
    - path: models/model.joblib
      hash: md5
      md5: 4c7d0c5b53d2d1b6f0e3bad621d85c39
      size: 96479944
    - path: src/models/evaluation.py
      hash: md5
      md5: c171bc5e4440d3e3a43afd5cb0166da2
      size: 4888
    outs:
    - path: run_information.json
      hash: md5
      md5: 979b266f18e86c9ade884d25696d3327
      size: 161
  register_model:
    cmd: python src/models/register_model.py
    deps:
    - path: run_information.json
      hash: md5
      md5: 979b266f18e86c9ade884d25696d3327
      size: 161
    - path: src/models/register_model.py
      hash: md5
      md5: 2d9e90a5ea8dda8e6500477f3efe6037
      size: 1558
