schema: '2.0'
stages:
  data_cleaning:
    cmd: python src/data/data-cleaning.py
    deps:
    - path: data/raw/train.csv
      hash: md5
      md5: 0b050b37dfe6cfbfaa18d7cb4e454377
      size: 7772212
    - path: src/data/data-cleaning.py
      hash: md5
      md5: 0cd6409fb7762ac8d1f6ffde2325b7ac
      size: 7518
    outs:
    - path: data/cleaned/cleaned_data.csv
      hash: md5
      md5: ae51495e093fbfc739cb383cb0089ffe
      size: 4463056
  data_prepraration:
    cmd: python src/data/data-preparation.py
    deps:
    - path: data/cleaned/cleaned_data.csv
      hash: md5
      md5: ae51495e093fbfc739cb383cb0089ffe
      size: 4463056
    - path: src/data/data-preparation.py
      hash: md5
      md5: a806f18a6541654f544538ff4a83f572
      size: 2407
    params:
      params.yaml:
        Data_Preparation.random_state: 21
        Data_Preparation.test_size: 0.2
    outs:
    - path: data/interim/test_subset.csv
      hash: md5
      md5: 55bb0911a7e43b3979ac8336299e48dc
      size: 892038
    - path: data/interim/train_subset.csv
      hash: md5
      md5: 9db9b93cd4015729f38837d205279eb9
      size: 3568064
  data_preprocessing:
    cmd: python src/features/data-preprocessing.py
    deps:
    - path: data/interim/test_subset.csv
      hash: md5
      md5: 55bb0911a7e43b3979ac8336299e48dc
      size: 892038
    - path: data/interim/train_subset.csv
      hash: md5
      md5: 9db9b93cd4015729f38837d205279eb9
      size: 3568064
    - path: src/features/data-preprocessing.py
      hash: md5
      md5: 551c52635582e8da4cc65612ae501bbe
      size: 4937
    outs:
    - path: data/processed/test_trans.csv
      hash: md5
      md5: 38ca139b3159ee291bbecc0ff0d6e965
      size: 1079115
    - path: data/processed/train_trans.csv
      hash: md5
      md5: e043383712d302552fe1124f0da46830
      size: 4301907
    - path: models/preprocessor.joblib
      hash: md5
      md5: 34a7072ca0a317560678f7be800a4eb6
      size: 7275
  train:
    cmd: python src/models/train.py
    deps:
    - path: data/processed/train_trans.csv
      hash: md5
      md5: e043383712d302552fe1124f0da46830
      size: 4301907
    - path: src/models/train.py
      hash: md5
      md5: ac227c99e646109c80b4e22957ca8064
      size: 3478
    params:
      params.yaml:
        Train.LightGBM:
          learning_rate: 0.4634183035475242
          max_depth: 19
          min_child_weight: 14
          min_split_gain: 1.0050226994104905
          n_estimators: 142
          reg_lambda: 7.743851432894324
          subsample: 0.7628386779555664
        Train.Random_Forest:
          max_depth: 14
          max_features:
          max_samples: 0.6884129569843086
          min_samples_leaf: 3
          min_samples_split: 5
          n_estimators: 297
    outs:
    - path: models/model.joblib
      hash: md5
      md5: 17404e25ce3b5509c6c61586f398b9dd
      size: 96280696
    - path: models/power_transformer.joblib
      hash: md5
      md5: 41137cf4d62ae237d09f5680918b665a
      size: 805
    - path: models/stacking_regressor.joblib
      hash: md5
      md5: 1e77da691f4731a0ecca1401a40f2d72
      size: 96267322
  evaluation:
    cmd: python src/models/evaluation.py
    deps:
    - path: data/processed/test_trans.csv
      hash: md5
      md5: 38ca139b3159ee291bbecc0ff0d6e965
      size: 1079115
    - path: data/processed/train_trans.csv
      hash: md5
      md5: e043383712d302552fe1124f0da46830
      size: 4301907
    - path: models/model.joblib
      hash: md5
      md5: 17404e25ce3b5509c6c61586f398b9dd
      size: 96280696
    - path: src/models/evaluation.py
      hash: md5
      md5: c171bc5e4440d3e3a43afd5cb0166da2
      size: 4888
    outs:
    - path: run_information.json
      hash: md5
      md5: 89f93a0050b8ff0e2f9903e18003dbf1
      size: 161
  register_model:
    cmd: python src/models/register_model.py
    deps:
    - path: run_information.json
      hash: md5
      md5: 89f93a0050b8ff0e2f9903e18003dbf1
      size: 161
    - path: src/models/register_model.py
      hash: md5
      md5: 2d9e90a5ea8dda8e6500477f3efe6037
      size: 1558
